// !$*UTF8*$!
{
	archiveVersion = 1;
	classes = {
	};
	objectVersion = 55;
	objects = {

/* Begin PBXBuildFile section */
		9F1601F9273E030700BAA604 /* DetailViewController.swift in Sources */ = {isa = PBXBuildFile; fileRef = 9F1601F8273E030700BAA604 /* DetailViewController.swift */; };
		9F1601FB273E43F600BAA604 /* MyCell.swift in Sources */ = {isa = PBXBuildFile; fileRef = 9F1601FA273E43F600BAA604 /* MyCell.swift */; };
		9FD763AF274DBEEE004C47A9 /* AddViewController.swift in Sources */ = {isa = PBXBuildFile; fileRef = 9FD763AE274DBEEE004C47A9 /* AddViewController.swift */; };
		9FD763B4274DD19F004C47A9 /* InfoPlist.strings in Resources */ = {isa = PBXBuildFile; fileRef = 9FD763B6274DD19F004C47A9 /* InfoPlist.strings */; };
		9FD763BD274DECBE004C47A9 /* mydatabase.db3 in Resources */ = {isa = PBXBuildFile; fileRef = 9FD763BC274DECBE004C47A9 /* mydatabase.db3 */; };
		9FFD77D627350FAE001051B8 /* AppDelegate.swift in Sources */ = {isa = PBXBuildFile; fileRef = 9FFD77D527350FAE001051B8 /* AppDelegate.swift */; };
		9FFD77D827350FAE001051B8 /* SceneDelegate.swift in Sources */ = {isa = PBXBuildFile; fileRef = 9FFD77D727350FAE001051B8 /* SceneDelegate.swift */; };
		9FFD77DA27350FAE001051B8 /* ViewController.swift in Sources */ = {isa = PBXBuildFile; fileRef = 9FFD77D927350FAE001051B8 /* ViewController.swift */; };
		9FFD77DD27350FAE001051B8 /* Main.storyboard in Resources */ = {isa = PBXBuildFile; fileRef = 9FFD77DB27350FAE001051B8 /* Main.storyboard */; };
		9FFD77DF27350FB0001051B8 /* Assets.xcassets in Resources */ = {isa = PBXBuildFile; fileRef = 9FFD77DE27350FB0001051B8 /* Assets.xcassets */; };
		9FFD77E227350FB0001051B8 /* LaunchScreen.storyboard in Resources */ = {isa = PBXBuildFile; fileRef = 9FFD77E027350FB0001051B8 /* LaunchScreen.storyboard */; };
		9FFD77EA27351697001051B8 /* MyTableViewController.swift in Sources */ = {isa = PBXBuildFile; fileRef = 9FFD77E927351697001051B8 /* MyTableViewController.swift */; };
/* End PBXBuildFile section */

/* Begin PBXFileReference section */
		9F1601F8273E030700BAA604 /* DetailViewController.swift */ = {isa = PBXFileReference; lastKnownFileType = sourcecode.swift; path = DetailViewController.swift; sourceTree = "<group>"; };
		9F1601FA273E43F600BAA604 /* MyCell.swift */ = {isa = PBXFileReference; lastKnownFileType = sourcecode.swift; path = MyCell.swift; sourceTree = "<group>"; };
		9FD763AE274DBEEE004C47A9 /* AddViewController.swift */ = {isa = PBXFileReference; lastKnownFileType = sourcecode.swift; path = AddViewController.swift; sourceTree = "<group>"; };
		9FD763B0274DC7FE004C47A9 /* zh-Hant */ = {isa = PBXFileReference; lastKnownFileType = text.plist.strings; name = "zh-Hant"; path = "zh-Hant.lproj/Main.strings"; sourceTree = "<group>"; };
		9FD763B1274DC91D004C47A9 /* zh-Hans */ = {isa = PBXFileReference; lastKnownFileType = text.plist.strings; name = "zh-Hans"; path = "zh-Hans.lproj/Main.strings"; sourceTree = "<group>"; };
		9FD763B5274DD19F004C47A9 /* zh-Hant */ = {isa = PBXFileReference; lastKnownFileType = text.plist.strings; name = "zh-Hant"; path = "zh-Hant.lproj/InfoPlist.strings"; sourceTree = "<group>"; };
		9FD763B7274DD1CC004C47A9 /* en */ = {isa = PBXFileReference; lastKnownFileType = text.plist.strings; name = en; path = en.lproj/InfoPlist.strings; sourceTree = "<group>"; };
		9FD763B8274DD1E0004C47A9 /* zh-Hans */ = {isa = PBXFileReference; lastKnownFileType = text.plist.strings; name = "zh-Hans"; path = "zh-Hans.lproj/InfoPlist.strings"; sourceTree = "<group>"; };
		9FD763B9274DD4CB004C47A9 /* en-AU */ = {isa = PBXFileReference; lastKnownFileType = text.plist.strings; name = "en-AU"; path = "en-AU.lproj/Main.strings"; sourceTree = "<group>"; };
		9FD763BA274DD4CB004C47A9 /* en-AU */ = {isa = PBXFileReference; lastKnownFileType = text.plist.strings; name = "en-AU"; path = "en-AU.lproj/LaunchScreen.strings"; sourceTree = "<group>"; };
		9FD763BB274DD4CB004C47A9 /* en-AU */ = {isa = PBXFileReference; lastKnownFileType = text.plist.strings; name = "en-AU"; path = "en-AU.lproj/InfoPlist.strings"; sourceTree = "<group>"; };
		9FD763BC274DECBE004C47A9 /* mydatabase.db3 */ = {isa = PBXFileReference; lastKnownFileType = file; path = mydatabase.db3; sourceTree = "<group>"; };
		9FFD77D227350FAE001051B8 /* TableViewDB.app */ = {isa = PBXFileReference; explicitFileType = wrapper.application; includeInIndex = 0; path = TableViewDB.app; sourceTree = BUILT_PRODUCTS_DIR; };
		9FFD77D527350FAE001051B8 /* AppDelegate.swift */ = {isa = PBXFileReference; lastKnownFileType = sourcecode.swift; path = AppDelegate.swift; sourceTree = "<group>"; };
		9FFD77D727350FAE001051B8 /* SceneDelegate.swift */ = {isa = PBXFileReference; lastKnownFileType = sourcecode.swift; path = SceneDelegate.swift; sourceTree = "<group>"; };
		9FFD77D927350FAE001051B8 /* ViewController.swift */ = {isa = PBXFileReference; lastKnownFileType = sourcecode.swift; path = ViewController.swift; sourceTree = "<group>"; };
		9FFD77DC27350FAE001051B8 /* Base */ = {isa = PBXFileReference; lastKnownFileType = file.storyboard; name = Base; path = Base.lproj/Main.storyboard; sourceTree = "<group>"; };
		9FFD77DE27350FB0001051B8 /* Assets.xcassets */ = {isa = PBXFileReference; lastKnownFileType = folder.assetcatalog; path = Assets.xcassets; sourceTree = "<group>"; };
		9FFD77E127350FB0001051B8 /* Base */ = {isa = PBXFileReference; lastKnownFileType = file.storyboard; name = Base; path = Base.lproj/LaunchScreen.storyboard; sourceTree = "<group>"; };
		9FFD77E327350FB0001051B8 /* Info.plist */ = {isa = PBXFileReference; lastKnownFileType = text.plist.xml; path = Info.plist; sourceTree = "<group>"; };
		9FFD77E927351697001051B8 /* MyTableViewController.swift */ = {isa = PBXFileReference; lastKnownFileType = sourcecode.swift; path = MyTableViewController.swift; sourceTree = "<group>"; };
/* End PBXFileReference section */

/* Begin PBXFrameworksBuildPhase section */
		9FFD77CF27350FAE001051B8 /* Frameworks */ = {
			isa = PBXFrameworksBuildPhase;
			buildActionMask = 2147483647;
			files = (
			);
			runOnlyForDeploymentPostprocessing = 0;
		};
/* End PBXFrameworksBuildPhase section */

/* Begin PBXGroup section */
		9FFD77C927350FAE001051B8 = {
			isa = PBXGroup;
			children = (
				9FFD77D427350FAE001051B8 /* TableViewDB */,
				9FFD77D327350FAE001051B8 /* Products */,
			);
			sourceTree = "<group>";
		};
		9FFD77D327350FAE001051B8 /* Products */ = {
			isa = PBXGroup;
			children = (
				9FFD77D227350FAE001051B8 /* TableViewDB.app */,
			);
			name = Products;
			sourceTree = "<group>";
		};
		9FFD77D427350FAE001051B8 /* TableViewDB */ = {
			isa = PBXGroup;
			children = (
				9FD763BC274DECBE004C47A9 /* mydatabase.db3 */,
				9FFD77D527350FAE001051B8 /* AppDelegate.swift */,
				9FFD77D727350FAE001051B8 /* SceneDelegate.swift */,
				9FFD77D927350FAE001051B8 /* ViewController.swift */,
				9FFD77E927351697001051B8 /* MyTableViewController.swift */,
				9F1601F8273E030700BAA604 /* DetailViewController.swift */,
				9F1601FA273E43F600BAA604 /* MyCell.swift */,
				9FD763AE274DBEEE004C47A9 /* AddViewController.swift */,
				9FFD77DB27350FAE001051B8 /* Main.storyboard */,
				9FFD77E027350FB0001051B8 /* LaunchScreen.storyboard */,
				9FFD77DE27350FB0001051B8 /* Assets.xcassets */,
				9FFD77E327350FB0001051B8 /* Info.plist */,
				9FD763B6274DD19F004C47A9 /* InfoPlist.strings */,
			);
			path = TableViewDB;
			sourceTree = "<group>";
		};
/* End PBXGroup section */

/* Begin PBXNativeTarget section */
		9FFD77D127350FAE001051B8 /* TableViewDB */ = {
			isa = PBXNativeTarget;
			buildConfigurationList = 9FFD77E627350FB0001051B8 /* Build configuration list for PBXNativeTarget "TableViewDB" */;
			buildPhases = (
				9FFD77CE27350FAE001051B8 /* Sources */,
				9FFD77CF27350FAE001051B8 /* Frameworks */,
				9FFD77D027350FAE001051B8 /* Resources */,
			);
			buildRules = (
			);
			dependencies = (
			);
			name = TableViewDB;
			productName = TableViewDB;
			productReference = 9FFD77D227350FAE001051B8 /* TableViewDB.app */;
			productType = "com.apple.product-type.application";
		};
/* End PBXNativeTarget section */

/* Begin PBXProject section */
		9FFD77CA27350FAE001051B8 /* Project object */ = {
			isa = PBXProject;
			attributes = {
				BuildIndependentTargetsInParallel = 1;
				LastSwiftUpdateCheck = 1300;
				LastUpgradeCheck = 1300;
				TargetAttributes = {
					9FFD77D127350FAE001051B8 = {
						CreatedOnToolsVersion = 13.0;
					};
				};
			};
			buildConfigurationList = 9FFD77CD27350FAE001051B8 /* Build configuration list for PBXProject "TableViewDB" */;
			compatibilityVersion = "Xcode 13.0";
			developmentRegion = en;
			hasScannedForEncodings = 0;
			knownRegions = (
				en,
				Base,
				"zh-Hant",
				"zh-Hans",
				"en-AU",
			);
			mainGroup = 9FFD77C927350FAE001051B8;
			productRefGroup = 9FFD77D327350FAE001051B8 /* Products */;
			projectDirPath = "";
			projectRoot = "";
			targets = (
				9FFD77D127350FAE001051B8 /* TableViewDB */,
			);
		};
/* End PBXProject section */

/* Begin PBXResourcesBuildPhase section */
		9FFD77D027350FAE001051B8 /* Resources */ = {
			isa = PBXResourcesBuildPhase;
			buildActionMask = 2147483647;
			files = (
				9FFD77E227350FB0001051B8 /* LaunchScreen.storyboard in Resources */,
				9FD763BD274DECBE004C47A9 /* mydatabase.db3 in Resources */,
				9FD763B4274DD19F004C47A9 /* InfoPlist.strings in Resources */,
				9FFD77DF27350FB0001051B8 /* Assets.xcassets in Resources */,
				9FFD77DD27350FAE001051B8 /* Main.storyboard in Resources */,
			);
			runOnlyForDeploymentPostprocessing = 0;
		};
/* End PBXResourcesBuildPhase section */

/* Begin PBXSourcesBuildPhase section */
		9FFD77CE27350FAE001051B8 /* Sources */ = {
			isa = PBXSourcesBuildPhase;
			buildActionMask = 2147483647;
			files = (
				9FFD77DA27350FAE001051B8 /* ViewController.swift in Sources */,
				9FFD77D627350FAE001051B8 /* AppDelegate.swift in Sources */,
				9FD763AF274DBEEE004C47A9 /* AddViewController.swift in Sources */,
				9F1601F9273E030700BAA604 /* DetailViewController.swift in Sources */,
				9F1601FB273E43F600BAA604 /* MyCell.swift in Sources */,
				9FFD77D827350FAE001051B8 /* SceneDelegate.swift in Sources */,
				9FFD77EA27351697001051B8 /* MyTableViewController.swift in Sources */,
			);
			runOnlyForDeploymentPostprocessing = 0;
		};
/* End PBXSourcesBuildPhase section */

/* Begin PBXVariantGroup section */
		9FD763B6274DD19F004C47A9 /* InfoPlist.strings */ = {
			isa = PBXVariantGroup;
			children = (
				9FD763B5274DD19F004C47A9 /* zh-Hant */,
				9FD763B7274DD1CC004C47A9 /* en */,
				9FD763B8274DD1E0004C47A9 /* zh-Hans */,
				9FD763BB274DD4CB004C47A9 /* en-AU */,
			);
			name = InfoPlist.strings;
			sourceTree = "<group>";
		};
		9FFD77DB27350FAE001051B8 /* Main.storyboard */ = {
			isa = PBXVariantGroup;
			children = (
				9FFD77DC27350FAE001051B8 /* Base */,
				9FD763B0274DC7FE004C47A9 /* zh-Hant */,
				9FD763B1274DC91D004C47A9 /* zh-Hans */,
				9FD763B9274DD4CB004C47A9 /* en-AU */,
			);
			name = Main.storyboard;
			sourceTree = "<group>";
		};
		9FFD77E027350FB0001051B8 /* LaunchScreen.storyboard */ = {
			isa = PBXVariantGroup;
			children = (
				9FFD77E127350FB0001051B8 /* Base */,
				9FD763BA274DD4CB004C47A9 /* en-AU */,
			);
			name = LaunchScreen.storyboard;
			sourceTree = "<group>";
		};
/* End PBXVariantGroup section */

/* Begin XCBuildConfiguration section */
		9FFD77E427350FB0001051B8 /* Debug */ = {
			isa = XCBuildConfiguration;
			buildSettings = {
				ALWAYS_SEARCH_USER_PATHS = NO;
				CLANG_ANALYZER_LOCALIZABILITY_NONLOCALIZED = YES;
				CLANG_ANALYZER_NONNULL = YES;
				CLANG_ANALYZER_NUMBER_OBJECT_CONVERSION = YES_AGGRESSIVE;
				CLANG_CXX_LANGUAGE_STANDARD = "gnu++17";
				CLANG_CXX_LIBRARY = "libc++";
				CLANG_ENABLE_MODULES = YES;
				CLANG_ENABLE_OBJC_ARC = YES;
				CLANG_ENABLE_OBJC_WEAK = YES;
				CLANG_WARN_BLOCK_CAPTURE_AUTORELEASING = YES;
				CLANG_WARN_BOOL_CONVERSION = YES;
				CLANG_WARN_COMMA = YES;
				CLANG_WARN_CONSTANT_CONVERSION = YES;
				CLANG_WARN_DEPRECATED_OBJC_IMPLEMENTATIONS = YES;
				CLANG_WARN_DIRECT_OBJC_ISA_USAGE = YES_ERROR;
				CLANG_WARN_DOCUMENTATION_COMMENTS = YES;
				CLANG_WARN_EMPTY_BODY = YES;
				CLANG_WARN_ENUM_CONVERSION = YES;
				CLANG_WARN_INFINITE_RECURSION = YES;
				CLANG_WARN_INT_CONVERSION = YES;
				CLANG_WARN_NON_LITERAL_NULL_CONVERSION = YES;
				CLANG_WARN_OBJC_IMPLICIT_RETAIN_SELF = YES;
				CLANG_WARN_OBJC_LITERAL_CONVERSION = YES;
				CLANG_WARN_OBJC_ROOT_CLASS = YES_ERROR;
				CLANG_WARN_QUOTED_INCLUDE_IN_FRAMEWORK_HEADER = YES;
				CLANG_WARN_RANGE_LOOP_ANALYSIS = YES;
				CLANG_WARN_STRICT_PROTOTYPES = YES;
				CLANG_WARN_SUSPICIOUS_MOVE = YES;
				CLANG_WARN_UNGUARDED_AVAILABILITY = YES_AGGRESSIVE;
				CLANG_WARN_UNREACHABLE_CODE = YES;
				CLANG_WARN__DUPLICATE_METHOD_MATCH = YES;
				COPY_PHASE_STRIP = NO;
				DEBUG_INFORMATION_FORMAT = dwarf;
				ENABLE_STRICT_OBJC_MSGSEND = YES;
				ENABLE_TESTABILITY = YES;
				GCC_C_LANGUAGE_STANDARD = gnu11;
				GCC_DYNAMIC_NO_PIC = NO;
				GCC_NO_COMMON_BLOCKS = YES;
				GCC_OPTIMIZATION_LEVEL = 0;
				GCC_PREPROCESSOR_DEFINITIONS = (
					"DEBUG=1",
					"$(inherited)",
				);
				GCC_WARN_64_TO_32_BIT_CONVERSION = YES;
				GCC_WARN_ABOUT_RETURN_TYPE = YES_ERROR;
				GCC_WARN_UNDECLARED_SELECTOR = YES;
				GCC_WARN_UNINITIALIZED_AUTOS = YES_AGGRESSIVE;
				GCC_WARN_UNUSED_FUNCTION = YES;
				GCC_WARN_UNUSED_VARIABLE = YES;
				IPHONEOS_DEPLOYMENT_TARGET = 15.0;
				MTL_ENABLE_DEBUG_INFO = INCLUDE_SOURCE;
				MTL_FAST_MATH = YES;
				ONLY_ACTIVE_ARCH = YES;
				SDKROOT = iphoneos;
				SWIFT_ACTIVE_COMPILATION_CONDITIONS = DEBUG;
				SWIFT_OPTIMIZATION_LEVEL = "-Onone";
			};
			name = Debug;
		};
		9FFD77E527350FB0001051B8 /* Release */ = {
			isa = XCBuildConfiguration;
			buildSettings = {
				ALWAYS_SEARCH_USER_PATHS = NO;
				CLANG_ANALYZER_LOCALIZABILITY_NONLOCALIZED = YES;
				CLANG_ANALYZER_NONNULL = YES;
				CLANG_ANALYZER_NUMBER_OBJECT_CONVERSION = YES_AGGRESSIVE;
				CLANG_CXX_LANGUAGE_STANDARD = "gnu++17";
				CLANG_CXX_LIBRARY = "libc++";
				CLANG_ENABLE_MODULES = YES;
				CLANG_ENABLE_OBJC_ARC = YES;
				CLANG_ENABLE_OBJC_WEAK = YES;
				CLANG_WARN_BLOCK_CAPTURE_AUTORELEASING = YES;
				CLANG_WARN_BOOL_CONVERSION = YES;
				CLANG_WARN_COMMA = YES;
				CLANG_WARN_CONSTANT_CONVERSION = YES;
				CLANG_WARN_DEPRECATED_OBJC_IMPLEMENTATIONS = YES;
				CLANG_WARN_DIRECT_OBJC_ISA_USAGE = YES_ERROR;
				CLANG_WARN_DOCUMENTATION_COMMENTS = YES;
				CLANG_WARN_EMPTY_BODY = YES;
				CLANG_WARN_ENUM_CONVERSION = YES;
				CLANG_WARN_INFINITE_RECURSION = YES;
				CLANG_WARN_INT_CONVERSION = YES;
				CLANG_WARN_NON_LITERAL_NULL_CONVERSION = YES;
				CLANG_WARN_OBJC_IMPLICIT_RETAIN_SELF = YES;
				CLANG_WARN_OBJC_LITERAL_CONVERSION = YES;
				CLANG_WARN_OBJC_ROOT_CLASS = YES_ERROR;
				CLANG_WARN_QUOTED_INCLUDE_IN_FRAMEWORK_HEADER = YES;
				CLANG_WARN_RANGE_LOOP_ANALYSIS = YES;
				CLANG_WARN_STRICT_PROTOTYPES = YES;
				CLANG_WARN_SUSPICIOUS_MOVE = YES;
				CLANG_WARN_UNGUARDED_AVAILABILITY = YES_AGGRESSIVE;
				CLANG_WARN_UNREACHABLE_CODE = YES;
				CLANG_WARN__DUPLICATE_METHOD_MATCH = YES;
				COPY_PHASE_STRIP = NO;
				DEBUG_INFORMATION_FORMAT = "dwarf-with-dsym";
				ENABLE_NS_ASSERTIONS = NO;
				ENABLE_STRICT_OBJC_MSGSEND = YES;
				GCC_C_LANGUAGE_STANDARD = gnu11;
				GCC_NO_COMMON_BLOCKS = YES;
				GCC_WARN_64_TO_32_BIT_CONVERSION = YES;
				GCC_WARN_ABOUT_RETURN_TYPE = YES_ERROR;
				GCC_WARN_UNDECLARED_SELECTOR = YES;
				GCC_WARN_UNINITIALIZED_AUTOS = YES_AGGRESSIVE;
				GCC_WARN_UNUSED_FUNCTION = YES;
				GCC_WARN_UNUSED_VARIABLE = YES;
				IPHONEOS_DEPLOYMENT_TARGET = 15.0;
				MTL_ENABLE_DEBUG_INFO = NO;
				MTL_FAST_MATH = YES;
				SDKROOT = iphoneos;
				SWIFT_COMPILATION_MODE = wholemodule;
				SWIFT_OPTIMIZATION_LEVEL = "-O";
				VALIDATE_PRODUCT = YES;
			};
			name = Release;
		};
		9FFD77E727350FB0001051B8 /* Debug */ = {
			isa = XCBuildConfiguration;
			buildSettings = {
				ASSETCATALOG_COMPILER_APPICON_NAME = AppIcon;
				ASSETCATALOG_COMPILER_GLOBAL_ACCENT_COLOR_NAME = AccentColor;
				CODE_SIGN_STYLE = Automatic;
				CURRENT_PROJECT_VERSION = 1;
				DEVELOPMENT_TEAM = 7VYUAB96RB;
				GENERATE_INFOPLIST_FILE = YES;
				INFOPLIST_FILE = TableViewDB/Info.plist;
				INFOPLIST_KEY_NSCameraUsageDescription = "允許使用相機以更換大頭照";
				INFOPLIST_KEY_NSPhotoLibraryAddUsageDescription = "允許存取相簿";
				INFOPLIST_KEY_UIApplicationSupportsIndirectInputEvents = YES;
				INFOPLIST_KEY_UILaunchStoryboardName = LaunchScreen;
				INFOPLIST_KEY_UIMainStoryboardFile = Main;
				INFOPLIST_KEY_UISupportedInterfaceOrientations_iPad = "UIInterfaceOrientationPortrait UIInterfaceOrientationPortraitUpsideDown UIInterfaceOrientationLandscapeLeft UIInterfaceOrientationLandscapeRight";
				INFOPLIST_KEY_UISupportedInterfaceOrientations_iPhone = "UIInterfaceOrientationPortrait UIInterfaceOrientationLandscapeLeft UIInterfaceOrientationLandscapeRight";
				LD_RUNPATH_SEARCH_PATHS = (
					"$(inherited)",
					"@executable_path/Frameworks",
				);
				MARKETING_VERSION = 1.0;
				PRODUCT_BUNDLE_IDENTIFIER = com.thor.TableViewDB;
				PRODUCT_NAME = "$(TARGET_NAME)";
				SWIFT_EMIT_LOC_STRINGS = YES;
				SWIFT_VERSION = 5.0;
				TARGETED_DEVICE_FAMILY = 1;
			};
			name = Debug;
		};
		9FFD77E827350FB0001051B8 /* Release */ = {
			isa = XCBuildConfiguration;
			buildSettings = {
				ASSETCATALOG_COMPILER_APPICON_NAME = AppIcon;
				ASSETCATALOG_COMPILER_GLOBAL_ACCENT_COLOR_NAME = AccentColor;
				CODE_SIGN_STYLE = Automatic;
				CURRENT_PROJECT_VERSION = 1;
				DEVELOPMENT_TEAM = 7VYUAB96RB;
				GENERATE_INFOPLIST_FILE = YES;
				INFOPLIST_FILE = TableViewDB/Info.plist;
				INFOPLIST_KEY_NSCameraUsageDescription = "允許使用相機以更換大頭照";
				INFOPLIST_KEY_NSPhotoLibraryAddUsageDescription = "允許存取相簿";
				INFOPLIST_KEY_UIApplicationSupportsIndirectInputEvents = YES;
				INFOPLIST_KEY_UILaunchStoryboardName = LaunchScreen;
				INFOPLIST_KEY_UIMainStoryboardFile = Main;
				INFOPLIST_KEY_UISupportedInterfaceOrientations_iPad = "UIInterfaceOrientationPortrait UIInterfaceOrientationPortraitUpsideDown UIInterfaceOrientationLandscapeLeft UIInterfaceOrientationLandscapeRight";
				INFOPLIST_KEY_UISupportedInterfaceOrientations_iPhone = "UIInterfaceOrientationPortrait UIInterfaceOrientationLandscapeLeft UIInterfaceOrientationLandscapeRight";
				LD_RUNPATH_SEARCH_PATHS = (
					"$(inherited)",
					"@executable_path/Frameworks",
				);
				MARKETING_VERSION = 1.0;
				PRODUCT_BUNDLE_IDENTIFIER = com.thor.TableViewDB;
				PRODUCT_NAME = "$(TARGET_NAME)";
				SWIFT_EMIT_LOC_STRINGS = YES;
				SWIFT_VERSION = 5.0;
				TARGETED_DEVICE_FAMILY = 1;
			};
			name = Release;
		};
/* End XCBuildConfiguration section */

/* Begin XCConfigurationList section */
		9FFD77CD27350FAE001051B8 /* Build configuration list for PBXProject "TableViewDB" */ = {
			isa = XCConfigurationList;
			buildConfigurations = (
				9FFD77E427350FB0001051B8 /* Debug */,
				9FFD77E527350FB0001051B8 /* Release */,
			);
			defaultConfigurationIsVisible = 0;
			defaultConfigurationName = Release;
		};
		9FFD77E627350FB0001051B8 /* Build configuration list for PBXNativeTarget "TableViewDB" */ = {
			isa = XCConfigurationList;
			buildConfigurations = (
				9FFD77E727350FB0001051B8 /* Debug */,
				9FFD77E827350FB0001051B8 /* Release */,
			);
			defaultConfigurationIsVisible = 0;
			defaultConfigurationName = Release;
		};
/* End XCConfigurationList section */
	};
	rootObject = 9FFD77CA27350FAE001051B8 /* Project object */;
}
